
Microsoft Visual Studio Solution File, Format Version 12.00
# Visual Studio Version 17
VisualStudioVersion = 17.11.35327.3
MinimumVisualStudioVersion = 10.0.40219.1
Project("{FAE04EC0-301F-11D3-BF4B-00C04F79EFBC}") = "ManticoreWebApp", "ManticoreWebApp\ManticoreWebApp.csproj", "{FAA7600E-C728-4B41-ADEB-4CD0912595C0}"
EndProject
Global
	GlobalSection(SolutionConfigurationPlatforms) = preSolution
		Debug|Any CPU = Debug|Any CPU
		Release|Any CPU = Release|Any CPU
	EndGlobalSection
	GlobalSection(ProjectConfigurationPlatforms) = postSolution
		{FAA7600E-C728-4B41-ADEB-4CD0912595C0}.Debug|Any CPU.ActiveCfg = Debug|Any CPU
		{FAA7600E-C728-4B41-ADEB-4CD0912595C0}.Debug|Any CPU.Build.0 = Debug|Any CPU
		{FAA7600E-C728-4B41-ADEB-4CD0912595C0}.Release|Any CPU.ActiveCfg = Release|Any CPU
		{FAA7600E-C728-4B41-ADEB-4CD0912595C0}.Release|Any CPU.Build.0 = Release|Any CPU
	EndGlobalSection
	GlobalSection(SolutionProperties) = preSolution
		HideSolutionNode = FALSE
	EndGlobalSection
	GlobalSection(ExtensibilityGlobals) = postSolution
		SolutionGuid = {D980AEF7-235D-4FC3-BBD7-E195CFC09985}
	EndGlobalSection
EndGlobal
